{
  "version": 1,
  "dependencies": {
    ".NETFramework,Version=v3.5": {
      "Absence.Fody": {
        "type": "Direct",
        "requested": "[2.0.10, )",
        "resolved": "2.0.10",
        "contentHash": "2KLFoerxZmndQnk0eChviplhYaViXuxho3rK5UzIY+Tdpsk72uOFoJV0+g0XELAAF2Kq48EgWf1/0iAIMs4rpg=="
      },
      "Collections.Analyzer": {
        "type": "Direct",
        "requested": "[0.2.14.1, )",
        "resolved": "0.2.14.1",
        "contentHash": "D/PGOXrvNPcDITDd8jDF9akeY6TeTvVehG+y13Zm9h9HY+fN/uLHcbcoJiBdi4HmCzV7WivTkaXBQ9OZqXlrjQ=="
      },
      "Divorce.Fody": {
        "type": "Direct",
        "requested": "[1.1.1, )",
        "resolved": "1.1.1",
        "contentHash": "FpZKfY6XUBD/dpL8iV/DOn9w+BTwPq2JVuKP0GdSck+TxrVEus00Jex2hyjW4uJqR1uqBHCMryNKZw+6KFCrZg==",
        "dependencies": {
          "Fody": "6.8.2"
        }
      },
      "Emik.SourceGenerators.Choices": {
        "type": "Direct",
        "requested": "[1.4.17, )",
        "resolved": "1.4.17",
        "contentHash": "TNcX2Q7AfIBgYj5/qvTYPK/ZZh90jU+uB0dobkGXXYFu3pNivYJR8PHMT2p7vSW7Y77R2W0WPO2Bsb5WyK0cAQ=="
      },
      "Emik.SourceGenerators.Implicit": {
        "type": "Direct",
        "requested": "[1.0.8, )",
        "resolved": "1.0.8",
        "contentHash": "ZvORDhXSnsU8W94otlq0cnnU+QZ8AwAp7bto2GmKDoLI1rdRL8lZBwthT/BFgGzXbUPYKgEyNWGzN1uM2w4Ldw=="
      },
      "Emik.SourceGenerators.Tattoo": {
        "type": "Direct",
        "requested": "[2.0.7, )",
        "resolved": "2.0.7",
        "contentHash": "DCEVX9qIWJZ/QNtcp1tAIyX+JcLVCfWxl9znuFBQtWcl1/3XF1AUf0pe+fSuNJH20NZrWguD+u8ye006AvtnEw=="
      },
      "Fody": {
        "type": "Direct",
        "requested": "[6.9.3, )",
        "resolved": "6.9.3",
        "contentHash": "1CUGgFdyECDKgi5HaUBhdv6k+VG9Iy4OCforGfHyar3xQXAJypZkzymgKtWj/4SPd6nSG0Qi7NH71qHrDSZLaA=="
      },
      "IDisposableAnalyzers": {
        "type": "Direct",
        "requested": "[4.0.8, )",
        "resolved": "4.0.8",
        "contentHash": "vNi4NMG0CcJyjXxiNDcQ21FwV/whM9o9OEZKD+oP7tuxAqFEzX/x5OhC3OZJqW/w+8GOtCmJPBquYgMWgz0rfQ=="
      },
      "ILMerge.Fody": {
        "type": "Direct",
        "requested": "[1.24.0, )",
        "resolved": "1.24.0",
        "contentHash": "Jg13T22kxyVUCP1lAfjSDKkL01XzMIM+GWd5kv9Hohi/9L2dhHZK55KQe2Yu/sHoQsYvRToeCDuIBKrNOJza7A=="
      },
      "InlineIL.Fody": {
        "type": "Direct",
        "requested": "[1.10.2, )",
        "resolved": "1.10.2",
        "contentHash": "sJCDXWpPUOPs8uUpbVF5WzT5tsI5ybUI1xM6gzN3CBC4Ckb3J7xcmmrXeUcjbyC9IwFQNyxMir3MyvTzTvCwmw==",
        "dependencies": {
          "Fody": "6.9.3"
        }
      },
      "JetBrains.Annotations": {
        "type": "Direct",
        "requested": "[2025.2.4, )",
        "resolved": "2025.2.4",
        "contentHash": "TwbgxAkXxY+vNEhNVx/QXjJ4vqxmepOjsgRvvImQPbHkHMMb4W+ahL3laMsxXKtNT7iMy+E1B3xkqao2hf1n3A=="
      },
      "JetBrainsAnnotations.Fody": {
        "type": "Direct",
        "requested": "[2.17.0, )",
        "resolved": "2.17.0",
        "contentHash": "poQLz+ZhKGJzmlVMkbh4+tSDGPAw7xcv2Pqimao2NERhXv4iF+T1gAcozFVDHiD5wpicaYelICIFohQ9AWq8Fg==",
        "dependencies": {
          "Fody": "6.5.1",
          "JetBrains.Annotations": "2021.1.0"
        }
      },
      "Microsoft.CodeAnalysis.Analyzers": {
        "type": "Direct",
        "requested": "[5.3.0, )",
        "resolved": "5.3.0",
        "contentHash": "KuLhbZwB0L8JikL86AE5VWEp3RLNjIcp+j8yz9EJ/UBgRz4+qDEjHg/tluRFbpYpD/e37BqaaNFbQ0vqawBwWQ=="
      },
      "Microsoft.NETFramework.ReferenceAssemblies": {
        "type": "Direct",
        "requested": "[1.0.3, )",
        "resolved": "1.0.3",
        "contentHash": "vUc9Npcs14QsyOD01tnv/m8sQUnGTGOw1BCmKcv77LBJY7OxhJ+zJF7UD/sCL3lYNFuqmQEVlkfS4Quif6FyYg==",
        "dependencies": {
          "Microsoft.NETFramework.ReferenceAssemblies.net35": "1.0.3"
        }
      },
      "NullGuard.Fody": {
        "type": "Direct",
        "requested": "[3.1.1, )",
        "resolved": "3.1.1",
        "contentHash": "v3S5KBsTafu8lTlO1eouW8Ly6JLcEXRBZAbXbNJfb4fpehY+iSE8m1o4wJQodaEafkPlhoOM4/BnoePKGp1c4A=="
      },
      "ReflectionAnalyzers": {
        "type": "Direct",
        "requested": "[0.3.1, )",
        "resolved": "0.3.1",
        "contentHash": "Q7N3nziye+vGsDPcrKrPFjlaFhrM+1adtJcpjFeq4ufBB+uKc4kRezSK03382xpE8iNQbiRHUl+z31NW0W18FQ=="
      },
      "StaticLambda.Fody": {
        "type": "Direct",
        "requested": "[1.1.0, )",
        "resolved": "1.1.0",
        "contentHash": "Znant6dbREKt0rn4WkP5Z96k2cIo/6AlctoYqmbem0NsM4rnFkaWBXN2spxX9LBGzRnvBA03pGYbpC9gfzqKKg=="
      },
      "Text.Analyzers": {
        "type": "Direct",
        "requested": "[5.0.0-1.25277.114, )",
        "resolved": "5.0.0-1.25277.114",
        "contentHash": "nbYnMWteAF4lNvlqD24ejnmeEvmYW3tchdrymrhqhDbnsDqkUyg2N/uQY1FIyQNwLXX3eMwF7GQ+Z37rgtKxgw=="
      },
      "Microsoft.NETFramework.ReferenceAssemblies.net35": {
        "type": "Transitive",
        "resolved": "1.0.3",
        "contentHash": "Mhbr13IGgsW4AHj50uAiVNMPWdvUPWePRsI4x1NiTkhHUc4rqi9XvY5xxBC4d56bJypQbxAZ8bPuZIpz+TjBVQ=="
      },
      "wawa.ddl": {
        "type": "Project",
        "dependencies": {
          "wawa.Optionals": "[6.0.2, )"
        }
      },
      "wawa.io": {
        "type": "Project",
        "dependencies": {
          "wawa.DDL": "[6.0.2, )",
          "wawa.Optionals": "[6.0.2, )"
        }
      },
      "wawa.optionals": {
        "type": "Project"
      },
      "wawa.unity": {
        "type": "Project"
      }
    }
  }
}